
Microsoft Visual Studio Solution File, Format Version 12.00
# Visual Studio Version 17
VisualStudioVersion = 17.0.31919.166
MinimumVisualStudioVersion = 10.0.40219.1
Project("{FAE04EC0-301F-11D3-BF4B-00C04F79EFBC}") = "Blazor-Server_Signal-R_Chat-UI", "Blazor-Server_Signal-R_Chat-UI\Blazor-Server_Signal-R_Chat-UI.csproj", "{F0361DDE-BA6C-4DF7-B706-47BF9C6E052B}"
EndProject
Global
	GlobalSection(SolutionConfigurationPlatforms) = preSolution
		Debug|Any CPU = Debug|Any CPU
		Release|Any CPU = Release|Any CPU
	EndGlobalSection
	GlobalSection(ProjectConfigurationPlatforms) = postSolution
		{F0361DDE-BA6C-4DF7-B706-47BF9C6E052B}.Debug|Any CPU.ActiveCfg = Debug|Any CPU
		{F0361DDE-BA6C-4DF7-B706-47BF9C6E052B}.Debug|Any CPU.Build.0 = Debug|Any CPU
		{F0361DDE-BA6C-4DF7-B706-47BF9C6E052B}.Release|Any CPU.ActiveCfg = Release|Any CPU
		{F0361DDE-BA6C-4DF7-B706-47BF9C6E052B}.Release|Any CPU.Build.0 = Release|Any CPU
	EndGlobalSection
	GlobalSection(SolutionProperties) = preSolution
		HideSolutionNode = FALSE
	EndGlobalSection
	GlobalSection(ExtensibilityGlobals) = postSolution
		SolutionGuid = {64743A51-CE7E-4F15-B273-69F2870EB919}
	EndGlobalSection
EndGlobal
